
Microsoft Visual Studio Solution File, Format Version 12.00
# Visual Studio Version 16
VisualStudioVersion = 16.0.31105.61
MinimumVisualStudioVersion = 10.0.40219.1
Project("{FAE04EC0-301F-11D3-BF4B-00C04F79EFBC}") = "RPG", "RPG\RPG.csproj", "{FB610BDC-4A75-48C4-89E5-8FC17E6C2749}"
EndProject
Global
	GlobalSection(SolutionConfigurationPlatforms) = preSolution
		Debug|Any CPU = Debug|Any CPU
		Release|Any CPU = Release|Any CPU
	EndGlobalSection
	GlobalSection(ProjectConfigurationPlatforms) = postSolution
		{FB610BDC-4A75-48C4-89E5-8FC17E6C2749}.Debug|Any CPU.ActiveCfg = Debug|Any CPU
		{FB610BDC-4A75-48C4-89E5-8FC17E6C2749}.Debug|Any CPU.Build.0 = Debug|Any CPU
		{FB610BDC-4A75-48C4-89E5-8FC17E6C2749}.Release|Any CPU.ActiveCfg = Release|Any CPU
		{FB610BDC-4A75-48C4-89E5-8FC17E6C2749}.Release|Any CPU.Build.0 = Release|Any CPU
	EndGlobalSection
	GlobalSection(SolutionProperties) = preSolution
		HideSolutionNode = FALSE
	EndGlobalSection
	GlobalSection(ExtensibilityGlobals) = postSolution
		SolutionGuid = {38D32197-FA37-4A0E-9BF0-8806C75D35C1}
	EndGlobalSection
EndGlobal
